
Microsoft Visual Studio Solution File, Format Version 12.00
# Visual Studio 2012
Project("{8BC9CEB8-8B4A-11D0-8D11-00A0C91BC942}") = "Tutorial1", "Tutorial1.vcxproj", "{603D2997-819F-4B92-8818-B0B48CC978FA}"
EndProject
Global
	GlobalSection(SolutionConfigurationPlatforms) = preSolution
		Debug|Win32 = Debug|Win32
		Release|Win32 = Release|Win32
	EndGlobalSection
	GlobalSection(ProjectConfigurationPlatforms) = postSolution
		{603D2997-819F-4B92-8818-B0B48CC978FA}.Debug|Win32.ActiveCfg = Debug|Win32
		{603D2997-819F-4B92-8818-B0B48CC978FA}.Debug|Win32.Build.0 = Debug|Win32
		{603D2997-819F-4B92-8818-B0B48CC978FA}.Release|Win32.ActiveCfg = Release|Win32
		{603D2997-819F-4B92-8818-B0B48CC978FA}.Release|Win32.Build.0 = Release|Win32
	EndGlobalSection
	GlobalSection(SolutionProperties) = preSolution
		HideSolutionNode = FALSE
	EndGlobalSection
EndGlobal
