<?xml version="1.0" encoding="utf-8"?>
<Project ToolsVersion="4.0" xmlns="http://schemas.microsoft.com/developer/msbuild/2003">
  <ItemGroup>
    <Filter Include="Source Files">
      <UniqueIdentifier>{4FC737F1-C7A5-4376-A066-2A32D752A2FF}</UniqueIdentifier>
      <Extensions>cpp;c;cc;cxx;def;odl;idl;hpj;bat;asm;asmx</Extensions>
    </Filter>
    <Filter Include="Header Files">
      <UniqueIdentifier>{93995380-89BD-4b04-88EB-625FBE52EBFB}</UniqueIdentifier>
      <Extensions>h;hpp;hxx;hm;inl;inc;xsd</Extensions>
    </Filter>
    <Filter Include="Resource Files">
      <UniqueIdentifier>{67DA6AB6-F800-4c08-8B7A-83BB121AAD01}</UniqueIdentifier>
      <Extensions>rc;ico;cur;bmp;dlg;rc2;rct;bin;rgs;gif;jpg;jpeg;jpe;resx;tiff;tif;png;wav;mfcribbon-ms</Extensions>
    </Filter>
    <Filter Include="OpenGL">
      <UniqueIdentifier>{cdba8c5d-ea53-40aa-84d9-bc96746ef49a}</UniqueIdentifier>
    </Filter>
    <Filter Include="OpenGL\lib">
      <UniqueIdentifier>{53e7fd7a-440a-4f4e-a54d-fdb3d8a413db}</UniqueIdentifier>
    </Filter>
    <Filter Include="OpenGL\include">
      <UniqueIdentifier>{fc97404f-4137-4651-8154-25ad146783d7}</UniqueIdentifier>
    </Filter>
    <Filter Include="OpenGL\include\GL">
      <UniqueIdentifier>{f2ab6cc2-6745-4c28-a2ee-eb4a7610cfd4}</UniqueIdentifier>
    </Filter>
  </ItemGroup>
  <ItemGroup>
    <Text Include="ReadMe.txt" />
  </ItemGroup>
  <ItemGroup>
    <ClInclude Include="Tutorial1.h">
      <Filter>Header Files</Filter>
    </ClInclude>
    <ClInclude Include="stdafx.h">
      <Filter>Header Files</Filter>
    </ClInclude>
    <ClInclude Include="targetver.h">
      <Filter>Header Files</Filter>
    </ClInclude>
    <ClInclude Include="MainFrm.h">
      <Filter>Header Files</Filter>
    </ClInclude>
    <ClInclude Include="ChildView.h">
      <Filter>Header Files</Filter>
    </ClInclude>
    <ClInclude Include="Resource.h">
      <Filter>Header Files</Filter>
    </ClInclude>
    <ClInclude Include="OpenGL\compiler needs\include\GL.H">
      <Filter>OpenGL\include</Filter>
    </ClInclude>
    <ClInclude Include="OpenGL\compiler needs\include\GL\GL.H">
      <Filter>OpenGL\include\GL</Filter>
    </ClInclude>
    <ClInclude Include="OpenGL\compiler needs\include\GL\GLAUX.H">
      <Filter>OpenGL\include\GL</Filter>
    </ClInclude>
    <ClInclude Include="OpenGL\compiler needs\include\GLAUX.H">
      <Filter>OpenGL\include</Filter>
    </ClInclude>
    <ClInclude Include="OpenGL\compiler needs\include\GL\glext.h">
      <Filter>OpenGL\include\GL</Filter>
    </ClInclude>
    <ClInclude Include="OpenGL\compiler needs\include\GL\GLU.H">
      <Filter>OpenGL\include\GL</Filter>
    </ClInclude>
    <ClInclude Include="OpenGL\compiler needs\include\GLU.H">
      <Filter>OpenGL\include</Filter>
    </ClInclude>
    <ClInclude Include="OpenGL\compiler needs\include\GL\glu_.h">
      <Filter>OpenGL\include\GL</Filter>
    </ClInclude>
    <ClInclude Include="OpenGL\compiler needs\include\GL\glut.h">
      <Filter>OpenGL\include\GL</Filter>
    </ClInclude>
    <ClInclude Include="accjitter.h">
      <Filter>Header Files</Filter>
    </ClInclude>
    <ClInclude Include="GrPoint.h">
      <Filter>Header Files</Filter>
    </ClInclude>
    <ClInclude Include="GrCamera.h">
      <Filter>Header Files</Filter>
    </ClInclude>
    <ClInclude Include="GrTransform.h">
      <Filter>Header Files</Filter>
    </ClInclude>
    <ClInclude Include="jitter.h">
      <Filter>Header Files</Filter>
    </ClInclude>
    <ClInclude Include="libvrml.h">
      <Filter>Header Files</Filter>
    </ClInclude>
    <ClInclude Include="OpenGLWnd.h">
      <Filter>Header Files</Filter>
    </ClInclude>
    <ClInclude Include="Texture.h">
      <Filter>Header Files</Filter>
    </ClInclude>
  </ItemGroup>
  <ItemGroup>
    <ClCompile Include="Tutorial1.cpp">
      <Filter>Source Files</Filter>
    </ClCompile>
    <ClCompile Include="stdafx.cpp">
      <Filter>Source Files</Filter>
    </ClCompile>
    <ClCompile Include="MainFrm.cpp">
      <Filter>Source Files</Filter>
    </ClCompile>
    <ClCompile Include="ChildView.cpp">
      <Filter>Source Files</Filter>
    </ClCompile>
    <ClCompile Include="accjitter.cpp">
      <Filter>Source Files</Filter>
    </ClCompile>
    <ClCompile Include="GrCamera.cpp">
      <Filter>Source Files</Filter>
    </ClCompile>
    <ClCompile Include="GrTransform.cpp">
      <Filter>Source Files</Filter>
    </ClCompile>
    <ClCompile Include="OpenGLWnd.cpp">
      <Filter>Source Files</Filter>
    </ClCompile>
    <ClCompile Include="Texture.cpp">
      <Filter>Source Files</Filter>
    </ClCompile>
  </ItemGroup>
  <ItemGroup>
    <ResourceCompile Include="Tutorial1.rc">
      <Filter>Resource Files</Filter>
    </ResourceCompile>
  </ItemGroup>
  <ItemGroup>
    <None Include="res\Tutorial1.rc2">
      <Filter>Resource Files</Filter>
    </None>
    <None Include="OpenGL\dlls needed\glu32.dll">
      <Filter>OpenGL\lib</Filter>
    </None>
    <None Include="OpenGL\dlls needed\glut.dll">
      <Filter>OpenGL\lib</Filter>
    </None>
    <None Include="OpenGL\dlls needed\glut32.dll">
      <Filter>OpenGL\lib</Filter>
    </None>
    <None Include="OpenGL\libgdi32.a">
      <Filter>OpenGL\lib</Filter>
    </None>
    <None Include="OpenGL\libglu32.a">
      <Filter>OpenGL\lib</Filter>
    </None>
    <None Include="OpenGL\libglut32.a">
      <Filter>OpenGL\lib</Filter>
    </None>
    <None Include="OpenGL\libopengl32.a">
      <Filter>OpenGL\lib</Filter>
    </None>
    <None Include="OpenGL\libwinmm.a">
      <Filter>OpenGL\lib</Filter>
    </None>
    <None Include="OpenGL\dlls needed\opengl32.dll">
      <Filter>OpenGL\lib</Filter>
    </None>
    <None Include="OpenGL\compiler needs\include\GL\MSCREATE.DIR" />
  </ItemGroup>
  <ItemGroup>
    <Image Include="res\Tutorial1.ico">
      <Filter>Resource Files</Filter>
    </Image>
    <Image Include="res\Toolbar.bmp">
      <Filter>Resource Files</Filter>
    </Image>
  </ItemGroup>
  <ItemGroup>
    <Library Include="OpenGL\compiler needs\lib\GLAUX.LIB">
      <Filter>OpenGL\lib</Filter>
    </Library>
    <Library Include="OpenGL\compiler needs\lib\GLU32.LIB">
      <Filter>OpenGL\lib</Filter>
    </Library>
    <Library Include="OpenGL\compiler needs\lib\glut32.lib">
      <Filter>OpenGL\lib</Filter>
    </Library>
    <Library Include="OpenGL\compiler needs\lib\OPENGL32.LIB">
      <Filter>OpenGL\lib</Filter>
    </Library>
  </ItemGroup>
</Project>